
Microsoft Visual Studio Solution File, Format Version 11.00
# Visual Studio 2010
Project("{FAE04EC0-301F-11D3-BF4B-00C04F79EFBC}") = "GameClient", "GameClient\GameClient\GameClient.csproj", "{6290023A-130E-4F5F-A2AA-A05CD1803354}"
EndProject
Project("{FAE04EC0-301F-11D3-BF4B-00C04F79EFBC}") = "GameClientContent", "GameClient\GameClientContent\GameClientContent.contentproj", "{1F23F759-3367-4A41-B99E-57051B16DBBC}"
EndProject
Project("{FAE04EC0-301F-11D3-BF4B-00C04F79EFBC}") = "GameCommons", "GameCommons\GameCommons.csproj", "{8CC9ECC9-CFD1-4180-8750-9182A69FE103}"
EndProject
Project("{FAE04EC0-301F-11D3-BF4B-00C04F79EFBC}") = "TestingArea", "TestingArea\TestingArea.csproj", "{6415EFFB-679C-4DF4-954C-DFEB69DA5C21}"
EndProject
Project("{2150E333-8FDC-42A3-9474-1A3956D46DE8}") = "Solution Items", "Solution Items", "{74232B10-5E41-40A3-BB40-365E9B48FCE9}"
	ProjectSection(SolutionItems) = preProject
		Local.testsettings = Local.testsettings
		ProjectEasterEgg.vsmdi = ProjectEasterEgg.vsmdi
		TraceAndTestImpact.testsettings = TraceAndTestImpact.testsettings
	EndProjectSection
EndProject
Project("{FAE04EC0-301F-11D3-BF4B-00C04F79EFBC}") = "EasterEggEngine", "EasterEggEngine\EasterEggEngine.csproj", "{5608A83E-1BFE-4FA8-AC3A-C14BCC463B57}"
EndProject
Project("{FAE04EC0-301F-11D3-BF4B-00C04F79EFBC}") = "MapEditorContentLibrary", "MapEditor\MapEditorContentLibrary\MapEditorContentLibrary.csproj", "{396ADBE6-FB16-4DBA-8C70-C16A46B448EA}"
EndProject
Project("{FAE04EC0-301F-11D3-BF4B-00C04F79EFBC}") = "MapEditorContent", "MapEditor\MapEditorContent\MapEditorContent.contentproj", "{618DED89-9BA8-44D7-83A0-163041666FAC}"
EndProject
Project("{FAE04EC0-301F-11D3-BF4B-00C04F79EFBC}") = "MapEditor", "MapEditor\MapEditor\MapEditor.csproj", "{A8A938D0-3179-454F-B390-AA29F2606732}"
EndProject
Project("{FAE04EC0-301F-11D3-BF4B-00C04F79EFBC}") = "GameTests", "GameTests\GameTests.csproj", "{911EDF75-3D47-481A-A572-BABBAD6D1A5B}"
EndProject
Global
	GlobalSection(TestCaseManagementSettings) = postSolution
		CategoryFile = ProjectEasterEgg.vsmdi
	EndGlobalSection
	GlobalSection(SolutionConfigurationPlatforms) = preSolution
		Debug|Any CPU = Debug|Any CPU
		Debug|Mixed Platforms = Debug|Mixed Platforms
		Debug|x86 = Debug|x86
		Release|Any CPU = Release|Any CPU
		Release|Mixed Platforms = Release|Mixed Platforms
		Release|x86 = Release|x86
	EndGlobalSection
	GlobalSection(ProjectConfigurationPlatforms) = postSolution
		{6290023A-130E-4F5F-A2AA-A05CD1803354}.Debug|Any CPU.ActiveCfg = Debug|x86
		{6290023A-130E-4F5F-A2AA-A05CD1803354}.Debug|Mixed Platforms.ActiveCfg = Debug|x86
		{6290023A-130E-4F5F-A2AA-A05CD1803354}.Debug|Mixed Platforms.Build.0 = Debug|x86
		{6290023A-130E-4F5F-A2AA-A05CD1803354}.Debug|x86.ActiveCfg = Debug|x86
		{6290023A-130E-4F5F-A2AA-A05CD1803354}.Debug|x86.Build.0 = Debug|x86
		{6290023A-130E-4F5F-A2AA-A05CD1803354}.Release|Any CPU.ActiveCfg = Release|x86
		{6290023A-130E-4F5F-A2AA-A05CD1803354}.Release|Mixed Platforms.ActiveCfg = Release|x86
		{6290023A-130E-4F5F-A2AA-A05CD1803354}.Release|Mixed Platforms.Build.0 = Release|x86
		{6290023A-130E-4F5F-A2AA-A05CD1803354}.Release|x86.ActiveCfg = Release|x86
		{6290023A-130E-4F5F-A2AA-A05CD1803354}.Release|x86.Build.0 = Release|x86
		{1F23F759-3367-4A41-B99E-57051B16DBBC}.Debug|Any CPU.ActiveCfg = Debug|x86
		{1F23F759-3367-4A41-B99E-57051B16DBBC}.Debug|Mixed Platforms.ActiveCfg = Debug|x86
		{1F23F759-3367-4A41-B99E-57051B16DBBC}.Debug|x86.ActiveCfg = Debug|x86
		{1F23F759-3367-4A41-B99E-57051B16DBBC}.Release|Any CPU.ActiveCfg = Release|x86
		{1F23F759-3367-4A41-B99E-57051B16DBBC}.Release|Mixed Platforms.ActiveCfg = Release|x86
		{1F23F759-3367-4A41-B99E-57051B16DBBC}.Release|x86.ActiveCfg = Release|x86
		{8CC9ECC9-CFD1-4180-8750-9182A69FE103}.Debug|Any CPU.ActiveCfg = Debug|x86
		{8CC9ECC9-CFD1-4180-8750-9182A69FE103}.Debug|Mixed Platforms.ActiveCfg = Debug|x86
		{8CC9ECC9-CFD1-4180-8750-9182A69FE103}.Debug|Mixed Platforms.Build.0 = Debug|x86
		{8CC9ECC9-CFD1-4180-8750-9182A69FE103}.Debug|x86.ActiveCfg = Debug|x86
		{8CC9ECC9-CFD1-4180-8750-9182A69FE103}.Debug|x86.Build.0 = Debug|x86
		{8CC9ECC9-CFD1-4180-8750-9182A69FE103}.Release|Any CPU.ActiveCfg = Release|x86
		{8CC9ECC9-CFD1-4180-8750-9182A69FE103}.Release|Mixed Platforms.ActiveCfg = Release|x86
		{8CC9ECC9-CFD1-4180-8750-9182A69FE103}.Release|Mixed Platforms.Build.0 = Release|x86
		{8CC9ECC9-CFD1-4180-8750-9182A69FE103}.Release|x86.ActiveCfg = Release|x86
		{8CC9ECC9-CFD1-4180-8750-9182A69FE103}.Release|x86.Build.0 = Release|x86
		{6415EFFB-679C-4DF4-954C-DFEB69DA5C21}.Debug|Any CPU.ActiveCfg = Debug|x86
		{6415EFFB-679C-4DF4-954C-DFEB69DA5C21}.Debug|Mixed Platforms.ActiveCfg = Debug|x86
		{6415EFFB-679C-4DF4-954C-DFEB69DA5C21}.Debug|Mixed Platforms.Build.0 = Debug|x86
		{6415EFFB-679C-4DF4-954C-DFEB69DA5C21}.Debug|x86.ActiveCfg = Debug|x86
		{6415EFFB-679C-4DF4-954C-DFEB69DA5C21}.Debug|x86.Build.0 = Debug|x86
		{6415EFFB-679C-4DF4-954C-DFEB69DA5C21}.Release|Any CPU.ActiveCfg = Release|x86
		{6415EFFB-679C-4DF4-954C-DFEB69DA5C21}.Release|Mixed Platforms.ActiveCfg = Release|x86
		{6415EFFB-679C-4DF4-954C-DFEB69DA5C21}.Release|Mixed Platforms.Build.0 = Release|x86
		{6415EFFB-679C-4DF4-954C-DFEB69DA5C21}.Release|x86.ActiveCfg = Release|x86
		{6415EFFB-679C-4DF4-954C-DFEB69DA5C21}.Release|x86.Build.0 = Release|x86
		{5608A83E-1BFE-4FA8-AC3A-C14BCC463B57}.Debug|Any CPU.ActiveCfg = Debug|x86
		{5608A83E-1BFE-4FA8-AC3A-C14BCC463B57}.Debug|Mixed Platforms.ActiveCfg = Debug|x86
		{5608A83E-1BFE-4FA8-AC3A-C14BCC463B57}.Debug|Mixed Platforms.Build.0 = Debug|x86
		{5608A83E-1BFE-4FA8-AC3A-C14BCC463B57}.Debug|x86.ActiveCfg = Debug|x86
		{5608A83E-1BFE-4FA8-AC3A-C14BCC463B57}.Debug|x86.Build.0 = Debug|x86
		{5608A83E-1BFE-4FA8-AC3A-C14BCC463B57}.Release|Any CPU.ActiveCfg = Release|x86
		{5608A83E-1BFE-4FA8-AC3A-C14BCC463B57}.Release|Mixed Platforms.ActiveCfg = Release|x86
		{5608A83E-1BFE-4FA8-AC3A-C14BCC463B57}.Release|Mixed Platforms.Build.0 = Release|x86
		{5608A83E-1BFE-4FA8-AC3A-C14BCC463B57}.Release|x86.ActiveCfg = Release|x86
		{5608A83E-1BFE-4FA8-AC3A-C14BCC463B57}.Release|x86.Build.0 = Release|x86
		{396ADBE6-FB16-4DBA-8C70-C16A46B448EA}.Debug|Any CPU.ActiveCfg = Debug|x86
		{396ADBE6-FB16-4DBA-8C70-C16A46B448EA}.Debug|Mixed Platforms.ActiveCfg = Debug|x86
		{396ADBE6-FB16-4DBA-8C70-C16A46B448EA}.Debug|Mixed Platforms.Build.0 = Debug|x86
		{396ADBE6-FB16-4DBA-8C70-C16A46B448EA}.Debug|x86.ActiveCfg = Debug|x86
		{396ADBE6-FB16-4DBA-8C70-C16A46B448EA}.Debug|x86.Build.0 = Debug|x86
		{396ADBE6-FB16-4DBA-8C70-C16A46B448EA}.Release|Any CPU.ActiveCfg = Release|x86
		{396ADBE6-FB16-4DBA-8C70-C16A46B448EA}.Release|Mixed Platforms.ActiveCfg = Release|x86
		{396ADBE6-FB16-4DBA-8C70-C16A46B448EA}.Release|Mixed Platforms.Build.0 = Release|x86
		{396ADBE6-FB16-4DBA-8C70-C16A46B448EA}.Release|x86.ActiveCfg = Release|x86
		{396ADBE6-FB16-4DBA-8C70-C16A46B448EA}.Release|x86.Build.0 = Release|x86
		{618DED89-9BA8-44D7-83A0-163041666FAC}.Debug|Any CPU.ActiveCfg = Debug|Any CPU
		{618DED89-9BA8-44D7-83A0-163041666FAC}.Debug|Mixed Platforms.ActiveCfg = Debug|Any CPU
		{618DED89-9BA8-44D7-83A0-163041666FAC}.Debug|x86.ActiveCfg = Debug|Any CPU
		{618DED89-9BA8-44D7-83A0-163041666FAC}.Release|Any CPU.ActiveCfg = Debug|Any CPU
		{618DED89-9BA8-44D7-83A0-163041666FAC}.Release|Mixed Platforms.ActiveCfg = Debug|Any CPU
		{618DED89-9BA8-44D7-83A0-163041666FAC}.Release|x86.ActiveCfg = Debug|Any CPU
		{A8A938D0-3179-454F-B390-AA29F2606732}.Debug|Any CPU.ActiveCfg = Debug|x86
		{A8A938D0-3179-454F-B390-AA29F2606732}.Debug|Mixed Platforms.ActiveCfg = Debug|x86
		{A8A938D0-3179-454F-B390-AA29F2606732}.Debug|Mixed Platforms.Build.0 = Debug|x86
		{A8A938D0-3179-454F-B390-AA29F2606732}.Debug|x86.ActiveCfg = Debug|x86
		{A8A938D0-3179-454F-B390-AA29F2606732}.Debug|x86.Build.0 = Debug|x86
		{A8A938D0-3179-454F-B390-AA29F2606732}.Release|Any CPU.ActiveCfg = Release|x86
		{A8A938D0-3179-454F-B390-AA29F2606732}.Release|Mixed Platforms.ActiveCfg = Release|x86
		{A8A938D0-3179-454F-B390-AA29F2606732}.Release|Mixed Platforms.Build.0 = Release|x86
		{A8A938D0-3179-454F-B390-AA29F2606732}.Release|x86.ActiveCfg = Release|x86
		{A8A938D0-3179-454F-B390-AA29F2606732}.Release|x86.Build.0 = Release|x86
		{911EDF75-3D47-481A-A572-BABBAD6D1A5B}.Debug|Any CPU.ActiveCfg = Debug|Any CPU
		{911EDF75-3D47-481A-A572-BABBAD6D1A5B}.Debug|Any CPU.Build.0 = Debug|Any CPU
		{911EDF75-3D47-481A-A572-BABBAD6D1A5B}.Debug|Mixed Platforms.ActiveCfg = Debug|Any CPU
		{911EDF75-3D47-481A-A572-BABBAD6D1A5B}.Debug|Mixed Platforms.Build.0 = Debug|Any CPU
		{911EDF75-3D47-481A-A572-BABBAD6D1A5B}.Debug|x86.ActiveCfg = Debug|Any CPU
		{911EDF75-3D47-481A-A572-BABBAD6D1A5B}.Release|Any CPU.ActiveCfg = Release|Any CPU
		{911EDF75-3D47-481A-A572-BABBAD6D1A5B}.Release|Any CPU.Build.0 = Release|Any CPU
		{911EDF75-3D47-481A-A572-BABBAD6D1A5B}.Release|Mixed Platforms.ActiveCfg = Release|Any CPU
		{911EDF75-3D47-481A-A572-BABBAD6D1A5B}.Release|Mixed Platforms.Build.0 = Release|Any CPU
		{911EDF75-3D47-481A-A572-BABBAD6D1A5B}.Release|x86.ActiveCfg = Release|Any CPU
	EndGlobalSection
	GlobalSection(SolutionProperties) = preSolution
		HideSolutionNode = FALSE
	EndGlobalSection
EndGlobal
